
Microsoft Visual Studio Solution File, Format Version 12.00
# Visual Studio Version 16
VisualStudioVersion = 16.0.28803.352
MinimumVisualStudioVersion = 10.0.40219.1
Project("{FAE04EC0-301F-11D3-BF4B-00C04F79EFBC}") = "q2", "q2\q2.csproj", "{C7ACC5C9-3BE5-47C1-ADB6-BD51C6731A50}"
EndProject
Global
	GlobalSection(SolutionConfigurationPlatforms) = preSolution
		Debug|Any CPU = Debug|Any CPU
		Release|Any CPU = Release|Any CPU
	EndGlobalSection
	GlobalSection(ProjectConfigurationPlatforms) = postSolution
		{C7ACC5C9-3BE5-47C1-ADB6-BD51C6731A50}.Debug|Any CPU.ActiveCfg = Debug|Any CPU
		{C7ACC5C9-3BE5-47C1-ADB6-BD51C6731A50}.Debug|Any CPU.Build.0 = Debug|Any CPU
		{C7ACC5C9-3BE5-47C1-ADB6-BD51C6731A50}.Release|Any CPU.ActiveCfg = Release|Any CPU
		{C7ACC5C9-3BE5-47C1-ADB6-BD51C6731A50}.Release|Any CPU.Build.0 = Release|Any CPU
	EndGlobalSection
	GlobalSection(SolutionProperties) = preSolution
		HideSolutionNode = FALSE
	EndGlobalSection
	GlobalSection(ExtensibilityGlobals) = postSolution
		SolutionGuid = {8AAA68A6-43BB-451B-9266-73FC9AB18B0A}
	EndGlobalSection
EndGlobal
